{
  "nodes": {
    "home-manager": {
      "inputs": {
        "nixpkgs": [
          "nixpkgs"
        ]
      },
      "locked": {
        "lastModified": 1758463745,
        "narHash": "sha256-uhzsV0Q0I9j2y/rfweWeGif5AWe0MGrgZ/3TjpDYdGA=",
        "owner": "nix-community",
        "repo": "home-manager",
        "rev": "3b955f5f0a942f9f60cdc9cacb7844335d0f21c3",
        "type": "github"
      },
      "original": {
        "owner": "nix-community",
        "ref": "release-25.05",
        "repo": "home-manager",
        "type": "github"
      }
    },
    "illogical-impulse-dotfiles": {
      "flake": false,
      "locked": {
        "lastModified": 1755087685,
        "narHash": "sha256-l3U/aTwHGxdZgGfs6m8w8keJMTmngZ/aTV0i/5soZVQ=",
        "owner": "xBLACKICEx",
        "repo": "dots-hyprland",
        "rev": "ef1e161c230a6aef92b981aa9066ce21a255da66",
        "type": "github"
      },
      "original": {
        "owner": "xBLACKICEx",
        "ref": "tmp",
        "repo": "dots-hyprland",
        "type": "github"
      }
    },
    "nixpkgs": {
      "locked": {
        "lastModified": 1762498405,
        "narHash": "sha256-Zg/SCgCaAioc0/SVZQJxuECGPJy+OAeBcGeA5okdYDc=",
        "owner": "NixOS",
        "repo": "nixpkgs",
        "rev": "6faeb062ee4cf4f105989d490831713cc5a43ee1",
        "type": "github"
      },
      "original": {
        "owner": "NixOS",
        "ref": "nixos-25.05",
        "repo": "nixpkgs",
        "type": "github"
      }
    },
    "quickshell": {
      "inputs": {
        "nixpkgs": [
          "nixpkgs"
        ]
      },
      "locked": {
        "lastModified": 1761897390,
        "narHash": "sha256-er4gYrIoThYLjlsOMTysoRfn67d1Gci+ZpqDrtQxrA0=",
        "ref": "refs/heads/master",
        "rev": "fc704e6b5d445899a1565955268c91942a4f263f",
        "revCount": 700,
        "type": "git",
        "url": "https://git.outfoxxed.me/outfoxxed/quickshell"
      },
      "original": {
        "type": "git",
        "url": "https://git.outfoxxed.me/outfoxxed/quickshell"
      }
    },
    "root": {
      "inputs": {
        "home-manager": "home-manager",
        "illogical-impulse-dotfiles": "illogical-impulse-dotfiles",
        "nixpkgs": "nixpkgs",
        "quickshell": "quickshell"
      }
    }
  },
  "root": "root",
  "version": 7
}
